// !$*UTF8*$!
{
	archiveVersion = 1;
	classes = {
	};
	objectVersion = 46;
	objects = {

/* Begin PBXBuildFile section */
		521DF433175CD050003310D2 /* UIKit.framework in Frameworks */ = {isa = PBXBuildFile; fileRef = 521DF432175CD050003310D2 /* UIKit.framework */; };
		521DF435175CD050003310D2 /* Foundation.framework in Frameworks */ = {isa = PBXBuildFile; fileRef = 521DF434175CD050003310D2 /* Foundation.framework */; };
		521DF437175CD050003310D2 /* CoreGraphics.framework in Frameworks */ = {isa = PBXBuildFile; fileRef = 521DF436175CD050003310D2 /* CoreGraphics.framework */; };
		521DF43D175CD050003310D2 /* InfoPlist.strings in Resources */ = {isa = PBXBuildFile; fileRef = 521DF43B175CD050003310D2 /* InfoPlist.strings */; };
		521DF43F175CD050003310D2 /* main.m in Sources */ = {isa = PBXBuildFile; fileRef = 521DF43E175CD050003310D2 /* main.m */; };
		521DF443175CD050003310D2 /* AppDelegate.m in Sources */ = {isa = PBXBuildFile; fileRef = 521DF442175CD050003310D2 /* AppDelegate.m */; };
		521DF44C175CD050003310D2 /* ViewController.m in Sources */ = {isa = PBXBuildFile; fileRef = 521DF44B175CD050003310D2 /* ViewController.m */; };
		521DF44F175CD050003310D2 /* ViewController.xib in Resources */ = {isa = PBXBuildFile; fileRef = 521DF44D175CD050003310D2 /* ViewController.xib */; };
		521DF457175CD072003310D2 /* RotaryControlView.m in Sources */ = {isa = PBXBuildFile; fileRef = 521DF456175CD072003310D2 /* RotaryControlView.m */; };
		521DF459175CEF27003310D2 /* QuartzCore.framework in Frameworks */ = {isa = PBXBuildFile; fileRef = 521DF458175CEF27003310D2 /* QuartzCore.framework */; };
		521DF45F175CF1E1003310D2 /* Icon@2x.png in Resources */ = {isa = PBXBuildFile; fileRef = 521DF45E175CF1E1003310D2 /* Icon@2x.png */; };
		521DF46517692104003310D2 /* Default-568h@2x.png in Resources */ = {isa = PBXBuildFile; fileRef = 521DF46417692104003310D2 /* Default-568h@2x.png */; };
/* End PBXBuildFile section */

/* Begin PBXFileReference section */
		521DF42F175CD050003310D2 /* RotaryControl.app */ = {isa = PBXFileReference; explicitFileType = wrapper.application; includeInIndex = 0; path = RotaryControl.app; sourceTree = BUILT_PRODUCTS_DIR; };
		521DF432175CD050003310D2 /* UIKit.framework */ = {isa = PBXFileReference; lastKnownFileType = wrapper.framework; name = UIKit.framework; path = System/Library/Frameworks/UIKit.framework; sourceTree = SDKROOT; };
		521DF434175CD050003310D2 /* Foundation.framework */ = {isa = PBXFileReference; lastKnownFileType = wrapper.framework; name = Foundation.framework; path = System/Library/Frameworks/Foundation.framework; sourceTree = SDKROOT; };
		521DF436175CD050003310D2 /* CoreGraphics.framework */ = {isa = PBXFileReference; lastKnownFileType = wrapper.framework; name = CoreGraphics.framework; path = System/Library/Frameworks/CoreGraphics.framework; sourceTree = SDKROOT; };
		521DF43A175CD050003310D2 /* RotaryControl-Info.plist */ = {isa = PBXFileReference; lastKnownFileType = text.plist.xml; path = "RotaryControl-Info.plist"; sourceTree = "<group>"; };
		521DF43C175CD050003310D2 /* en */ = {isa = PBXFileReference; lastKnownFileType = text.plist.strings; name = en; path = en.lproj/InfoPlist.strings; sourceTree = "<group>"; };
		521DF43E175CD050003310D2 /* main.m */ = {isa = PBXFileReference; lastKnownFileType = sourcecode.c.objc; path = main.m; sourceTree = "<group>"; };
		521DF440175CD050003310D2 /* RotaryControl-Prefix.pch */ = {isa = PBXFileReference; lastKnownFileType = sourcecode.c.h; path = "RotaryControl-Prefix.pch"; sourceTree = "<group>"; };
		521DF441175CD050003310D2 /* AppDelegate.h */ = {isa = PBXFileReference; lastKnownFileType = sourcecode.c.h; path = AppDelegate.h; sourceTree = "<group>"; };
		521DF442175CD050003310D2 /* AppDelegate.m */ = {isa = PBXFileReference; lastKnownFileType = sourcecode.c.objc; path = AppDelegate.m; sourceTree = "<group>"; };
		521DF44A175CD050003310D2 /* ViewController.h */ = {isa = PBXFileReference; lastKnownFileType = sourcecode.c.h; path = ViewController.h; sourceTree = "<group>"; };
		521DF44B175CD050003310D2 /* ViewController.m */ = {isa = PBXFileReference; lastKnownFileType = sourcecode.c.objc; path = ViewController.m; sourceTree = "<group>"; };
		521DF44E175CD050003310D2 /* en */ = {isa = PBXFileReference; lastKnownFileType = file.xib; name = en; path = en.lproj/ViewController.xib; sourceTree = "<group>"; };
		521DF455175CD072003310D2 /* RotaryControlView.h */ = {isa = PBXFileReference; fileEncoding = 4; lastKnownFileType = sourcecode.c.h; path = RotaryControlView.h; sourceTree = "<group>"; };
		521DF456175CD072003310D2 /* RotaryControlView.m */ = {isa = PBXFileReference; fileEncoding = 4; lastKnownFileType = sourcecode.c.objc; path = RotaryControlView.m; sourceTree = "<group>"; };
		521DF458175CEF27003310D2 /* QuartzCore.framework */ = {isa = PBXFileReference; lastKnownFileType = wrapper.framework; name = QuartzCore.framework; path = System/Library/Frameworks/QuartzCore.framework; sourceTree = SDKROOT; };
		521DF45E175CF1E1003310D2 /* Icon@2x.png */ = {isa = PBXFileReference; lastKnownFileType = image.png; name = "Icon@2x.png"; path = "../Icon@2x.png"; sourceTree = "<group>"; };
		521DF46417692104003310D2 /* Default-568h@2x.png */ = {isa = PBXFileReference; lastKnownFileType = image.png; path = "Default-568h@2x.png"; sourceTree = SOURCE_ROOT; };
/* End PBXFileReference section */

/* Begin PBXFrameworksBuildPhase section */
		521DF42C175CD050003310D2 /* Frameworks */ = {
			isa = PBXFrameworksBuildPhase;
			buildActionMask = 2147483647;
			files = (
				521DF459175CEF27003310D2 /* QuartzCore.framework in Frameworks */,
				521DF433175CD050003310D2 /* UIKit.framework in Frameworks */,
				521DF435175CD050003310D2 /* Foundation.framework in Frameworks */,
				521DF437175CD050003310D2 /* CoreGraphics.framework in Frameworks */,
			);
			runOnlyForDeploymentPostprocessing = 0;
		};
/* End PBXFrameworksBuildPhase section */

/* Begin PBXGroup section */
		521DF426175CD050003310D2 = {
			isa = PBXGroup;
			children = (
				521DF438175CD050003310D2 /* RotaryControl */,
				521DF431175CD050003310D2 /* Frameworks */,
				521DF430175CD050003310D2 /* Products */,
			);
			sourceTree = "<group>";
		};
		521DF430175CD050003310D2 /* Products */ = {
			isa = PBXGroup;
			children = (
				521DF42F175CD050003310D2 /* RotaryControl.app */,
			);
			name = Products;
			sourceTree = "<group>";
		};
		521DF431175CD050003310D2 /* Frameworks */ = {
			isa = PBXGroup;
			children = (
				521DF458175CEF27003310D2 /* QuartzCore.framework */,
				521DF432175CD050003310D2 /* UIKit.framework */,
				521DF434175CD050003310D2 /* Foundation.framework */,
				521DF436175CD050003310D2 /* CoreGraphics.framework */,
			);
			name = Frameworks;
			sourceTree = "<group>";
		};
		521DF438175CD050003310D2 /* RotaryControl */ = {
			isa = PBXGroup;
			children = (
				521DF441175CD050003310D2 /* AppDelegate.h */,
				521DF442175CD050003310D2 /* AppDelegate.m */,
				521DF44A175CD050003310D2 /* ViewController.h */,
				521DF44B175CD050003310D2 /* ViewController.m */,
				521DF44D175CD050003310D2 /* ViewController.xib */,
				521DF439175CD050003310D2 /* Supporting Files */,
				521DF455175CD072003310D2 /* RotaryControlView.h */,
				521DF456175CD072003310D2 /* RotaryControlView.m */,
			);
			path = RotaryControl;
			sourceTree = "<group>";
		};
		521DF439175CD050003310D2 /* Supporting Files */ = {
			isa = PBXGroup;
			children = (
				521DF43A175CD050003310D2 /* RotaryControl-Info.plist */,
				521DF43B175CD050003310D2 /* InfoPlist.strings */,
				521DF43E175CD050003310D2 /* main.m */,
				521DF440175CD050003310D2 /* RotaryControl-Prefix.pch */,
				521DF45E175CF1E1003310D2 /* Icon@2x.png */,
				521DF46417692104003310D2 /* Default-568h@2x.png */,
			);
			name = "Supporting Files";
			sourceTree = "<group>";
		};
/* End PBXGroup section */

/* Begin PBXNativeTarget section */
		521DF42E175CD050003310D2 /* RotaryControl */ = {
			isa = PBXNativeTarget;
			buildConfigurationList = 521DF452175CD050003310D2 /* Build configuration list for PBXNativeTarget "RotaryControl" */;
			buildPhases = (
				521DF42B175CD050003310D2 /* Sources */,
				521DF42C175CD050003310D2 /* Frameworks */,
				521DF42D175CD050003310D2 /* Resources */,
			);
			buildRules = (
			);
			dependencies = (
			);
			name = RotaryControl;
			productName = TestCircleDrag;
			productReference = 521DF42F175CD050003310D2 /* RotaryControl.app */;
			productType = "com.apple.product-type.application";
		};
/* End PBXNativeTarget section */

/* Begin PBXProject section */
		521DF427175CD050003310D2 /* Project object */ = {
			isa = PBXProject;
			attributes = {
				LastUpgradeCheck = 0460;
				ORGANIZATIONNAME = "John Newman";
			};
			buildConfigurationList = 521DF42A175CD050003310D2 /* Build configuration list for PBXProject "RotaryControl" */;
			compatibilityVersion = "Xcode 3.2";
			developmentRegion = English;
			hasScannedForEncodings = 0;
			knownRegions = (
				en,
			);
			mainGroup = 521DF426175CD050003310D2;
			productRefGroup = 521DF430175CD050003310D2 /* Products */;
			projectDirPath = "";
			projectRoot = "";
			targets = (
				521DF42E175CD050003310D2 /* RotaryControl */,
			);
		};
/* End PBXProject section */

/* Begin PBXResourcesBuildPhase section */
		521DF42D175CD050003310D2 /* Resources */ = {
			isa = PBXResourcesBuildPhase;
			buildActionMask = 2147483647;
			files = (
				521DF43D175CD050003310D2 /* InfoPlist.strings in Resources */,
				521DF44F175CD050003310D2 /* ViewController.xib in Resources */,
				521DF45F175CF1E1003310D2 /* Icon@2x.png in Resources */,
				521DF46517692104003310D2 /* Default-568h@2x.png in Resources */,
			);
			runOnlyForDeploymentPostprocessing = 0;
		};
/* End PBXResourcesBuildPhase section */

/* Begin PBXSourcesBuildPhase section */
		521DF42B175CD050003310D2 /* Sources */ = {
			isa = PBXSourcesBuildPhase;
			buildActionMask = 2147483647;
			files = (
				521DF43F175CD050003310D2 /* main.m in Sources */,
				521DF443175CD050003310D2 /* AppDelegate.m in Sources */,
				521DF44C175CD050003310D2 /* ViewController.m in Sources */,
				521DF457175CD072003310D2 /* RotaryControlView.m in Sources */,
			);
			runOnlyForDeploymentPostprocessing = 0;
		};
/* End PBXSourcesBuildPhase section */

/* Begin PBXVariantGroup section */
		521DF43B175CD050003310D2 /* InfoPlist.strings */ = {
			isa = PBXVariantGroup;
			children = (
				521DF43C175CD050003310D2 /* en */,
			);
			name = InfoPlist.strings;
			sourceTree = "<group>";
		};
		521DF44D175CD050003310D2 /* ViewController.xib */ = {
			isa = PBXVariantGroup;
			children = (
				521DF44E175CD050003310D2 /* en */,
			);
			name = ViewController.xib;
			sourceTree = "<group>";
		};
/* End PBXVariantGroup section */

/* Begin XCBuildConfiguration section */
		521DF450175CD050003310D2 /* Debug */ = {
			isa = XCBuildConfiguration;
			buildSettings = {
				ALWAYS_SEARCH_USER_PATHS = NO;
				CLANG_CXX_LANGUAGE_STANDARD = "gnu++0x";
				CLANG_CXX_LIBRARY = "libc++";
				CLANG_ENABLE_OBJC_ARC = YES;
				CLANG_WARN_CONSTANT_CONVERSION = YES;
				CLANG_WARN_EMPTY_BODY = YES;
				CLANG_WARN_ENUM_CONVERSION = YES;
				CLANG_WARN_INT_CONVERSION = YES;
				CLANG_WARN__DUPLICATE_METHOD_MATCH = YES;
				"CODE_SIGN_IDENTITY[sdk=iphoneos*]" = "iPhone Developer";
				COPY_PHASE_STRIP = NO;
				GCC_C_LANGUAGE_STANDARD = gnu99;
				GCC_DYNAMIC_NO_PIC = NO;
				GCC_OPTIMIZATION_LEVEL = 0;
				GCC_PREPROCESSOR_DEFINITIONS = (
					"DEBUG=1",
					"$(inherited)",
				);
				GCC_SYMBOLS_PRIVATE_EXTERN = NO;
				GCC_WARN_ABOUT_RETURN_TYPE = YES;
				GCC_WARN_UNINITIALIZED_AUTOS = YES;
				GCC_WARN_UNUSED_VARIABLE = YES;
				IPHONEOS_DEPLOYMENT_TARGET = 6.1;
				ONLY_ACTIVE_ARCH = YES;
				SDKROOT = iphoneos;
			};
			name = Debug;
		};
		521DF451175CD050003310D2 /* Release */ = {
			isa = XCBuildConfiguration;
			buildSettings = {
				ALWAYS_SEARCH_USER_PATHS = NO;
				CLANG_CXX_LANGUAGE_STANDARD = "gnu++0x";
				CLANG_CXX_LIBRARY = "libc++";
				CLANG_ENABLE_OBJC_ARC = YES;
				CLANG_WARN_CONSTANT_CONVERSION = YES;
				CLANG_WARN_EMPTY_BODY = YES;
				CLANG_WARN_ENUM_CONVERSION = YES;
				CLANG_WARN_INT_CONVERSION = YES;
				CLANG_WARN__DUPLICATE_METHOD_MATCH = YES;
				"CODE_SIGN_IDENTITY[sdk=iphoneos*]" = "iPhone Developer";
				COPY_PHASE_STRIP = YES;
				GCC_C_LANGUAGE_STANDARD = gnu99;
				GCC_WARN_ABOUT_RETURN_TYPE = YES;
				GCC_WARN_UNINITIALIZED_AUTOS = YES;
				GCC_WARN_UNUSED_VARIABLE = YES;
				IPHONEOS_DEPLOYMENT_TARGET = 6.1;
				OTHER_CFLAGS = "-DNS_BLOCK_ASSERTIONS=1";
				SDKROOT = iphoneos;
				VALIDATE_PRODUCT = YES;
			};
			name = Release;
		};
		521DF453175CD050003310D2 /* Debug */ = {
			isa = XCBuildConfiguration;
			buildSettings = {
				GCC_PRECOMPILE_PREFIX_HEADER = YES;
				GCC_PREFIX_HEADER = "RotaryControl/RotaryControl-Prefix.pch";
				INFOPLIST_FILE = "RotaryControl/RotaryControl-Info.plist";
				PRODUCT_NAME = RotaryControl;
				WRAPPER_EXTENSION = app;
			};
			name = Debug;
		};
		521DF454175CD050003310D2 /* Release */ = {
			isa = XCBuildConfiguration;
			buildSettings = {
				GCC_PRECOMPILE_PREFIX_HEADER = YES;
				GCC_PREFIX_HEADER = "RotaryControl/RotaryControl-Prefix.pch";
				INFOPLIST_FILE = "RotaryControl/RotaryControl-Info.plist";
				PRODUCT_NAME = RotaryControl;
				WRAPPER_EXTENSION = app;
			};
			name = Release;
		};
/* End XCBuildConfiguration section */

/* Begin XCConfigurationList section */
		521DF42A175CD050003310D2 /* Build configuration list for PBXProject "RotaryControl" */ = {
			isa = XCConfigurationList;
			buildConfigurations = (
				521DF450175CD050003310D2 /* Debug */,
				521DF451175CD050003310D2 /* Release */,
			);
			defaultConfigurationIsVisible = 0;
			defaultConfigurationName = Release;
		};
		521DF452175CD050003310D2 /* Build configuration list for PBXNativeTarget "RotaryControl" */ = {
			isa = XCConfigurationList;
			buildConfigurations = (
				521DF453175CD050003310D2 /* Debug */,
				521DF454175CD050003310D2 /* Release */,
			);
			defaultConfigurationIsVisible = 0;
			defaultConfigurationName = Release;
		};
/* End XCConfigurationList section */
	};
	rootObject = 521DF427175CD050003310D2 /* Project object */;
}
